<?xml version="1.0" encoding="utf-8"?>
<Project ToolsVersion="4.0" xmlns="http://schemas.microsoft.com/developer/msbuild/2003">
  <ItemGroup>
  </ItemGroup>
  <ItemGroup>
    <ClCompile Include="src\admin.c" />
    <ClCompile Include="src\bounced.c" />
    <ClCompile Include="src\channel.c" />
    <ClCompile Include="src\client.c" />
    <ClCompile Include="src\config.c" />
    <ClCompile Include="src\connection.c" />
    <ClCompile Include="src\dbaccess.c" />
    <ClCompile Include="src\dmemory.c" />
    <ClCompile Include="src\log.c" />
    <ClCompile Include="src\md5.c" />
    <ClCompile Include="src\mode.c" />
    <ClCompile Include="src\motd.c" />
    <ClCompile Include="src\names.c" />
    <ClCompile Include="src\nick.c" />
    <ClCompile Include="src\password.c" />
    <ClCompile Include="src\ping.c" />
    <ClCompile Include="src\privmsg.c" />
    <ClCompile Include="src\profile.c" />
    <ClCompile Include="src\quit.c" />
    <ClCompile Include="src\server.c" />
    <ClCompile Include="src\timer.c" />
    <ClCompile Include="src\tools.c" />
    <ClCompile Include="src\topic.c" />
    <ClCompile Include="src\user.c" />
    <ClInclude Include="src\bounced.h" />
    <ClInclude Include="src\dmemory.h" />
    <ClInclude Include="src\hash.h" />
    <ClInclude Include="src\hashlist.h" />
    <ClInclude Include="src\list.h" />
    <ClInclude Include="src\md5.h" />
    <ClInclude Include="src\timer.h" />
    <ClInclude Include="config.h" />
  </ItemGroup>
</Project>